// !$*UTF8*$!
{
	archiveVersion = 1;
	classes = {
	};
	objectVersion = 56;
	objects = {

/* Begin PBXBuildFile section */
		0E1A6C132968C9C9000E4CDC /* Constants.swift in Sources */ = {isa = PBXBuildFile; fileRef = 0E1A6BEA2968C9C9000E4CDC /* Constants.swift */; };
		0E1A6C142968C9C9000E4CDC /* AuthenticationViewModel.swift in Sources */ = {isa = PBXBuildFile; fileRef = 0E1A6BEE2968C9C9000E4CDC /* AuthenticationViewModel.swift */; };
		0E1A6C152968C9C9000E4CDC /* Offer.swift in Sources */ = {isa = PBXBuildFile; fileRef = 0E1A6BF32968C9C9000E4CDC /* Offer.swift */; };
		0E1A6C162968C9C9000E4CDC /* Experience.swift in Sources */ = {isa = PBXBuildFile; fileRef = 0E1A6BF42968C9C9000E4CDC /* Experience.swift */; };
		0E1A6C172968C9C9000E4CDC /* Benefit.swift in Sources */ = {isa = PBXBuildFile; fileRef = 0E1A6BF52968C9C9000E4CDC /* Benefit.swift */; };
		0E1A6C182968C9C9000E4CDC /* Preparation.swift in Sources */ = {isa = PBXBuildFile; fileRef = 0E1A6BF62968C9C9000E4CDC /* Preparation.swift */; };
		0E1A6C192968C9C9000E4CDC /* Period.swift in Sources */ = {isa = PBXBuildFile; fileRef = 0E1A6BF72968C9C9000E4CDC /* Period.swift */; };
		0E1A6C1A2968C9C9000E4CDC /* WageRange.swift in Sources */ = {isa = PBXBuildFile; fileRef = 0E1A6BF82968C9C9000E4CDC /* WageRange.swift */; };
		0E1A6C1B2968C9C9000E4CDC /* Certification.swift in Sources */ = {isa = PBXBuildFile; fileRef = 0E1A6BF92968C9C9000E4CDC /* Certification.swift */; };
		0E1A6C1C2968C9C9000E4CDC /* Knowledge.swift in Sources */ = {isa = PBXBuildFile; fileRef = 0E1A6BFA2968C9C9000E4CDC /* Knowledge.swift */; };
		0E1A6C1D2968C9C9000E4CDC /* OfferApiResponse.swift in Sources */ = {isa = PBXBuildFile; fileRef = 0E1A6BFB2968C9C9000E4CDC /* OfferApiResponse.swift */; };
		0E1A6C1E2968C9C9000E4CDC /* Detail.swift in Sources */ = {isa = PBXBuildFile; fileRef = 0E1A6BFC2968C9C9000E4CDC /* Detail.swift */; };
		0E1A6C1F2968C9C9000E4CDC /* OfferApiRequest.swift in Sources */ = {isa = PBXBuildFile; fileRef = 0E1A6BFD2968C9C9000E4CDC /* OfferApiRequest.swift */; };
		0E1A6C202968C9C9000E4CDC /* Activity.swift in Sources */ = {isa = PBXBuildFile; fileRef = 0E1A6BFE2968C9C9000E4CDC /* Activity.swift */; };
		0E1A6C212968C9C9000E4CDC /* Education.swift in Sources */ = {isa = PBXBuildFile; fileRef = 0E1A6BFF2968C9C9000E4CDC /* Education.swift */; };
		0E1A6C222968C9C9000E4CDC /* Job.swift in Sources */ = {isa = PBXBuildFile; fileRef = 0E1A6C002968C9C9000E4CDC /* Job.swift */; };
		0E1A6C232968C9C9000E4CDC /* AuthenticationApiResponse.swift in Sources */ = {isa = PBXBuildFile; fileRef = 0E1A6C022968C9C9000E4CDC /* AuthenticationApiResponse.swift */; };
		0E1A6C242968C9C9000E4CDC /* AuthenticationApiRequest.swift in Sources */ = {isa = PBXBuildFile; fileRef = 0E1A6C032968C9C9000E4CDC /* AuthenticationApiRequest.swift */; };
		0E1A6C252968C9C9000E4CDC /* UserSystemStatusInformation.swift in Sources */ = {isa = PBXBuildFile; fileRef = 0E1A6C052968C9C9000E4CDC /* UserSystemStatusInformation.swift */; };
		0E1A6C262968C9C9000E4CDC /* Partner.swift in Sources */ = {isa = PBXBuildFile; fileRef = 0E1A6C062968C9C9000E4CDC /* Partner.swift */; };
		0E1A6C272968C9C9000E4CDC /* UserMainInformation.swift in Sources */ = {isa = PBXBuildFile; fileRef = 0E1A6C072968C9C9000E4CDC /* UserMainInformation.swift */; };
		0E1A6C282968C9C9000E4CDC /* Client.swift in Sources */ = {isa = PBXBuildFile; fileRef = 0E1A6C082968C9C9000E4CDC /* Client.swift */; };
		0E1A6C292968C9C9000E4CDC /* UserProfessionalInformation.swift in Sources */ = {isa = PBXBuildFile; fileRef = 0E1A6C092968C9C9000E4CDC /* UserProfessionalInformation.swift */; };
		0E1A6C2A2968C9C9000E4CDC /* AuthenticationServiceable.swift in Sources */ = {isa = PBXBuildFile; fileRef = 0E1A6C0B2968C9C9000E4CDC /* AuthenticationServiceable.swift */; };
		0E1A6C2B2968C9C9000E4CDC /* AuthenticationService.swift in Sources */ = {isa = PBXBuildFile; fileRef = 0E1A6C0C2968C9C9000E4CDC /* AuthenticationService.swift */; };
		0E1A6C2C2968C9C9000E4CDC /* AuthenticationView.swift in Sources */ = {isa = PBXBuildFile; fileRef = 0E1A6C0F2968C9C9000E4CDC /* AuthenticationView.swift */; };
		0E1A6C2D2968C9C9000E4CDC /* ClientView.swift in Sources */ = {isa = PBXBuildFile; fileRef = 0E1A6C112968C9C9000E4CDC /* ClientView.swift */; };
		0E4D07FC29637F42004AA4B2 /* MorpheusApp.swift in Sources */ = {isa = PBXBuildFile; fileRef = 0E4D07FB29637F42004AA4B2 /* MorpheusApp.swift */; };
		0E4D07FE29637F42004AA4B2 /* ContentView.swift in Sources */ = {isa = PBXBuildFile; fileRef = 0E4D07FD29637F42004AA4B2 /* ContentView.swift */; };
		0E4D080029637F43004AA4B2 /* Assets.xcassets in Resources */ = {isa = PBXBuildFile; fileRef = 0E4D07FF29637F43004AA4B2 /* Assets.xcassets */; };
		0E4D080329637F43004AA4B2 /* Preview Assets.xcassets in Resources */ = {isa = PBXBuildFile; fileRef = 0E4D080229637F43004AA4B2 /* Preview Assets.xcassets */; };
		0E841AA72970B41000EFD2DF /* ClientViewModel.swift in Sources */ = {isa = PBXBuildFile; fileRef = 0E841AA62970B41000EFD2DF /* ClientViewModel.swift */; };
		0E841AAB2970B48900EFD2DF /* ClientServiceable.swift in Sources */ = {isa = PBXBuildFile; fileRef = 0E841AAA2970B48900EFD2DF /* ClientServiceable.swift */; };
		0E841AAD2970B4CC00EFD2DF /* ClientService.swift in Sources */ = {isa = PBXBuildFile; fileRef = 0E841AAC2970B4CC00EFD2DF /* ClientService.swift */; };
		0E841AAF2970B55000EFD2DF /* ClientApiResponse.swift in Sources */ = {isa = PBXBuildFile; fileRef = 0E841AAE2970B55000EFD2DF /* ClientApiResponse.swift */; };
/* End PBXBuildFile section */

/* Begin PBXFileReference section */
		0E1A6BEA2968C9C9000E4CDC /* Constants.swift */ = {isa = PBXFileReference; fileEncoding = 4; lastKnownFileType = sourcecode.swift; path = Constants.swift; sourceTree = "<group>"; };
		0E1A6BEE2968C9C9000E4CDC /* AuthenticationViewModel.swift */ = {isa = PBXFileReference; fileEncoding = 4; lastKnownFileType = sourcecode.swift; path = AuthenticationViewModel.swift; sourceTree = "<group>"; };
		0E1A6BF32968C9C9000E4CDC /* Offer.swift */ = {isa = PBXFileReference; fileEncoding = 4; lastKnownFileType = sourcecode.swift; path = Offer.swift; sourceTree = "<group>"; };
		0E1A6BF42968C9C9000E4CDC /* Experience.swift */ = {isa = PBXFileReference; fileEncoding = 4; lastKnownFileType = sourcecode.swift; path = Experience.swift; sourceTree = "<group>"; };
		0E1A6BF52968C9C9000E4CDC /* Benefit.swift */ = {isa = PBXFileReference; fileEncoding = 4; lastKnownFileType = sourcecode.swift; path = Benefit.swift; sourceTree = "<group>"; };
		0E1A6BF62968C9C9000E4CDC /* Preparation.swift */ = {isa = PBXFileReference; fileEncoding = 4; lastKnownFileType = sourcecode.swift; path = Preparation.swift; sourceTree = "<group>"; };
		0E1A6BF72968C9C9000E4CDC /* Period.swift */ = {isa = PBXFileReference; fileEncoding = 4; lastKnownFileType = sourcecode.swift; path = Period.swift; sourceTree = "<group>"; };
		0E1A6BF82968C9C9000E4CDC /* WageRange.swift */ = {isa = PBXFileReference; fileEncoding = 4; lastKnownFileType = sourcecode.swift; path = WageRange.swift; sourceTree = "<group>"; };
		0E1A6BF92968C9C9000E4CDC /* Certification.swift */ = {isa = PBXFileReference; fileEncoding = 4; lastKnownFileType = sourcecode.swift; path = Certification.swift; sourceTree = "<group>"; };
		0E1A6BFA2968C9C9000E4CDC /* Knowledge.swift */ = {isa = PBXFileReference; fileEncoding = 4; lastKnownFileType = sourcecode.swift; path = Knowledge.swift; sourceTree = "<group>"; };
		0E1A6BFB2968C9C9000E4CDC /* OfferApiResponse.swift */ = {isa = PBXFileReference; fileEncoding = 4; lastKnownFileType = sourcecode.swift; path = OfferApiResponse.swift; sourceTree = "<group>"; };
		0E1A6BFC2968C9C9000E4CDC /* Detail.swift */ = {isa = PBXFileReference; fileEncoding = 4; lastKnownFileType = sourcecode.swift; path = Detail.swift; sourceTree = "<group>"; };
		0E1A6BFD2968C9C9000E4CDC /* OfferApiRequest.swift */ = {isa = PBXFileReference; fileEncoding = 4; lastKnownFileType = sourcecode.swift; path = OfferApiRequest.swift; sourceTree = "<group>"; };
		0E1A6BFE2968C9C9000E4CDC /* Activity.swift */ = {isa = PBXFileReference; fileEncoding = 4; lastKnownFileType = sourcecode.swift; path = Activity.swift; sourceTree = "<group>"; };
		0E1A6BFF2968C9C9000E4CDC /* Education.swift */ = {isa = PBXFileReference; fileEncoding = 4; lastKnownFileType = sourcecode.swift; path = Education.swift; sourceTree = "<group>"; };
		0E1A6C002968C9C9000E4CDC /* Job.swift */ = {isa = PBXFileReference; fileEncoding = 4; lastKnownFileType = sourcecode.swift; path = Job.swift; sourceTree = "<group>"; };
		0E1A6C022968C9C9000E4CDC /* AuthenticationApiResponse.swift */ = {isa = PBXFileReference; fileEncoding = 4; lastKnownFileType = sourcecode.swift; path = AuthenticationApiResponse.swift; sourceTree = "<group>"; };
		0E1A6C032968C9C9000E4CDC /* AuthenticationApiRequest.swift */ = {isa = PBXFileReference; fileEncoding = 4; lastKnownFileType = sourcecode.swift; path = AuthenticationApiRequest.swift; sourceTree = "<group>"; };
		0E1A6C052968C9C9000E4CDC /* UserSystemStatusInformation.swift */ = {isa = PBXFileReference; fileEncoding = 4; lastKnownFileType = sourcecode.swift; path = UserSystemStatusInformation.swift; sourceTree = "<group>"; };
		0E1A6C062968C9C9000E4CDC /* Partner.swift */ = {isa = PBXFileReference; fileEncoding = 4; lastKnownFileType = sourcecode.swift; path = Partner.swift; sourceTree = "<group>"; };
		0E1A6C072968C9C9000E4CDC /* UserMainInformation.swift */ = {isa = PBXFileReference; fileEncoding = 4; lastKnownFileType = sourcecode.swift; path = UserMainInformation.swift; sourceTree = "<group>"; };
		0E1A6C082968C9C9000E4CDC /* Client.swift */ = {isa = PBXFileReference; fileEncoding = 4; lastKnownFileType = sourcecode.swift; path = Client.swift; sourceTree = "<group>"; };
		0E1A6C092968C9C9000E4CDC /* UserProfessionalInformation.swift */ = {isa = PBXFileReference; fileEncoding = 4; lastKnownFileType = sourcecode.swift; path = UserProfessionalInformation.swift; sourceTree = "<group>"; };
		0E1A6C0B2968C9C9000E4CDC /* AuthenticationServiceable.swift */ = {isa = PBXFileReference; fileEncoding = 4; lastKnownFileType = sourcecode.swift; path = AuthenticationServiceable.swift; sourceTree = "<group>"; };
		0E1A6C0C2968C9C9000E4CDC /* AuthenticationService.swift */ = {isa = PBXFileReference; fileEncoding = 4; lastKnownFileType = sourcecode.swift; path = AuthenticationService.swift; sourceTree = "<group>"; };
		0E1A6C0F2968C9C9000E4CDC /* AuthenticationView.swift */ = {isa = PBXFileReference; fileEncoding = 4; lastKnownFileType = sourcecode.swift; path = AuthenticationView.swift; sourceTree = "<group>"; };
		0E1A6C112968C9C9000E4CDC /* ClientView.swift */ = {isa = PBXFileReference; fileEncoding = 4; lastKnownFileType = sourcecode.swift; path = ClientView.swift; sourceTree = "<group>"; };
		0E4D07F829637F42004AA4B2 /* Morpheus.app */ = {isa = PBXFileReference; explicitFileType = wrapper.application; includeInIndex = 0; path = Morpheus.app; sourceTree = BUILT_PRODUCTS_DIR; };
		0E4D07FB29637F42004AA4B2 /* MorpheusApp.swift */ = {isa = PBXFileReference; lastKnownFileType = sourcecode.swift; path = MorpheusApp.swift; sourceTree = "<group>"; };
		0E4D07FD29637F42004AA4B2 /* ContentView.swift */ = {isa = PBXFileReference; lastKnownFileType = sourcecode.swift; path = ContentView.swift; sourceTree = "<group>"; };
		0E4D07FF29637F43004AA4B2 /* Assets.xcassets */ = {isa = PBXFileReference; lastKnownFileType = folder.assetcatalog; path = Assets.xcassets; sourceTree = "<group>"; };
		0E4D080229637F43004AA4B2 /* Preview Assets.xcassets */ = {isa = PBXFileReference; lastKnownFileType = folder.assetcatalog; path = "Preview Assets.xcassets"; sourceTree = "<group>"; };
		0E841AA42970B01000EFD2DF /* Morpheus.entitlements */ = {isa = PBXFileReference; lastKnownFileType = text.plist.entitlements; path = Morpheus.entitlements; sourceTree = "<group>"; };
		0E841AA62970B41000EFD2DF /* ClientViewModel.swift */ = {isa = PBXFileReference; lastKnownFileType = sourcecode.swift; path = ClientViewModel.swift; sourceTree = "<group>"; };
		0E841AAA2970B48900EFD2DF /* ClientServiceable.swift */ = {isa = PBXFileReference; lastKnownFileType = sourcecode.swift; path = ClientServiceable.swift; sourceTree = "<group>"; };
		0E841AAC2970B4CC00EFD2DF /* ClientService.swift */ = {isa = PBXFileReference; lastKnownFileType = sourcecode.swift; path = ClientService.swift; sourceTree = "<group>"; };
		0E841AAE2970B55000EFD2DF /* ClientApiResponse.swift */ = {isa = PBXFileReference; lastKnownFileType = sourcecode.swift; path = ClientApiResponse.swift; sourceTree = "<group>"; };
/* End PBXFileReference section */

/* Begin PBXFrameworksBuildPhase section */
		0E4D07F529637F42004AA4B2 /* Frameworks */ = {
			isa = PBXFrameworksBuildPhase;
			buildActionMask = 2147483647;
			files = (
			);
			runOnlyForDeploymentPostprocessing = 0;
		};
/* End PBXFrameworksBuildPhase section */

/* Begin PBXGroup section */
		0E1A6BE72968C9B3000E4CDC /* app */ = {
			isa = PBXGroup;
			children = (
				0E1A6BEB2968C9C9000E4CDC /* main */,
				0E1A6BE82968C9C9000E4CDC /* util */,
			);
			path = app;
			sourceTree = "<group>";
		};
		0E1A6BE82968C9C9000E4CDC /* util */ = {
			isa = PBXGroup;
			children = (
				0E1A6BE92968C9C9000E4CDC /* constant */,
			);
			path = util;
			sourceTree = "<group>";
		};
		0E1A6BE92968C9C9000E4CDC /* constant */ = {
			isa = PBXGroup;
			children = (
				0E1A6BEA2968C9C9000E4CDC /* Constants.swift */,
			);
			path = constant;
			sourceTree = "<group>";
		};
		0E1A6BEB2968C9C9000E4CDC /* main */ = {
			isa = PBXGroup;
			children = (
				0E1A6BEF2968C9C9000E4CDC /* model */,
				0E1A6C0D2968C9C9000E4CDC /* view */,
				0E1A6BEC2968C9C9000E4CDC /* viewmodel */,
			);
			path = main;
			sourceTree = "<group>";
		};
		0E1A6BEC2968C9C9000E4CDC /* viewmodel */ = {
			isa = PBXGroup;
			children = (
				0E1A6BED2968C9C9000E4CDC /* auth */,
				0E841AA52970B3F200EFD2DF /* client */,
			);
			path = viewmodel;
			sourceTree = "<group>";
		};
		0E1A6BED2968C9C9000E4CDC /* auth */ = {
			isa = PBXGroup;
			children = (
				0E1A6BEE2968C9C9000E4CDC /* AuthenticationViewModel.swift */,
			);
			path = auth;
			sourceTree = "<group>";
		};
		0E1A6BEF2968C9C9000E4CDC /* model */ = {
			isa = PBXGroup;
			children = (
				0E1A6BF02968C9C9000E4CDC /* remote */,
			);
			path = model;
			sourceTree = "<group>";
		};
		0E1A6BF02968C9C9000E4CDC /* remote */ = {
			isa = PBXGroup;
			children = (
				0E1A6BF12968C9C9000E4CDC /* entity */,
				0E1A6C0A2968C9C9000E4CDC /* service */,
			);
			path = remote;
			sourceTree = "<group>";
		};
		0E1A6BF12968C9C9000E4CDC /* entity */ = {
			isa = PBXGroup;
			children = (
				0E1A6C012968C9C9000E4CDC /* auth */,
				0E1A6BF22968C9C9000E4CDC /* offer */,
				0E1A6C042968C9C9000E4CDC /* user */,
			);
			path = entity;
			sourceTree = "<group>";
		};
		0E1A6BF22968C9C9000E4CDC /* offer */ = {
			isa = PBXGroup;
			children = (
				0E1A6BF32968C9C9000E4CDC /* Offer.swift */,
				0E1A6BF42968C9C9000E4CDC /* Experience.swift */,
				0E1A6BF52968C9C9000E4CDC /* Benefit.swift */,
				0E1A6BF62968C9C9000E4CDC /* Preparation.swift */,
				0E1A6BF72968C9C9000E4CDC /* Period.swift */,
				0E1A6BF82968C9C9000E4CDC /* WageRange.swift */,
				0E1A6BF92968C9C9000E4CDC /* Certification.swift */,
				0E1A6BFA2968C9C9000E4CDC /* Knowledge.swift */,
				0E1A6BFB2968C9C9000E4CDC /* OfferApiResponse.swift */,
				0E1A6BFC2968C9C9000E4CDC /* Detail.swift */,
				0E1A6BFD2968C9C9000E4CDC /* OfferApiRequest.swift */,
				0E1A6BFE2968C9C9000E4CDC /* Activity.swift */,
				0E1A6BFF2968C9C9000E4CDC /* Education.swift */,
				0E1A6C002968C9C9000E4CDC /* Job.swift */,
			);
			path = offer;
			sourceTree = "<group>";
		};
		0E1A6C012968C9C9000E4CDC /* auth */ = {
			isa = PBXGroup;
			children = (
				0E1A6C022968C9C9000E4CDC /* AuthenticationApiResponse.swift */,
				0E1A6C032968C9C9000E4CDC /* AuthenticationApiRequest.swift */,
			);
			path = auth;
			sourceTree = "<group>";
		};
		0E1A6C042968C9C9000E4CDC /* user */ = {
			isa = PBXGroup;
			children = (
				0E1A6C052968C9C9000E4CDC /* UserSystemStatusInformation.swift */,
				0E1A6C062968C9C9000E4CDC /* Partner.swift */,
				0E1A6C072968C9C9000E4CDC /* UserMainInformation.swift */,
				0E1A6C082968C9C9000E4CDC /* Client.swift */,
				0E1A6C092968C9C9000E4CDC /* UserProfessionalInformation.swift */,
				0E841AAE2970B55000EFD2DF /* ClientApiResponse.swift */,
			);
			path = user;
			sourceTree = "<group>";
		};
		0E1A6C0A2968C9C9000E4CDC /* service */ = {
			isa = PBXGroup;
			children = (
				0E841AA82970B43600EFD2DF /* auth */,
				0E841AA92970B47600EFD2DF /* client */,
			);
			path = service;
			sourceTree = "<group>";
		};
		0E1A6C0D2968C9C9000E4CDC /* view */ = {
			isa = PBXGroup;
			children = (
				0E4D07FD29637F42004AA4B2 /* ContentView.swift */,
				0E1A6C0E2968C9C9000E4CDC /* auth */,
				0E1A6C102968C9C9000E4CDC /* client */,
			);
			path = view;
			sourceTree = "<group>";
		};
		0E1A6C0E2968C9C9000E4CDC /* auth */ = {
			isa = PBXGroup;
			children = (
				0E1A6C0F2968C9C9000E4CDC /* AuthenticationView.swift */,
			);
			path = auth;
			sourceTree = "<group>";
		};
		0E1A6C102968C9C9000E4CDC /* client */ = {
			isa = PBXGroup;
			children = (
				0E1A6C112968C9C9000E4CDC /* ClientView.swift */,
			);
			path = client;
			sourceTree = "<group>";
		};
		0E4D07EF29637F41004AA4B2 = {
			isa = PBXGroup;
			children = (
				0E4D07FA29637F42004AA4B2 /* Morpheus */,
				0E4D07F929637F42004AA4B2 /* Products */,
			);
			sourceTree = "<group>";
		};
		0E4D07F929637F42004AA4B2 /* Products */ = {
			isa = PBXGroup;
			children = (
				0E4D07F829637F42004AA4B2 /* Morpheus.app */,
			);
			name = Products;
			sourceTree = "<group>";
		};
		0E4D07FA29637F42004AA4B2 /* Morpheus */ = {
			isa = PBXGroup;
			children = (
				0E841AA42970B01000EFD2DF /* Morpheus.entitlements */,
				0E4D07FB29637F42004AA4B2 /* MorpheusApp.swift */,
				0E1A6BE72968C9B3000E4CDC /* app */,
				0E4D07FF29637F43004AA4B2 /* Assets.xcassets */,
				0E4D080129637F43004AA4B2 /* Preview Content */,
			);
			path = Morpheus;
			sourceTree = "<group>";
		};
		0E4D080129637F43004AA4B2 /* Preview Content */ = {
			isa = PBXGroup;
			children = (
				0E4D080229637F43004AA4B2 /* Preview Assets.xcassets */,
			);
			path = "Preview Content";
			sourceTree = "<group>";
		};
		0E841AA52970B3F200EFD2DF /* client */ = {
			isa = PBXGroup;
			children = (
				0E841AA62970B41000EFD2DF /* ClientViewModel.swift */,
			);
			path = client;
			sourceTree = "<group>";
		};
		0E841AA82970B43600EFD2DF /* auth */ = {
			isa = PBXGroup;
			children = (
				0E1A6C0B2968C9C9000E4CDC /* AuthenticationServiceable.swift */,
				0E1A6C0C2968C9C9000E4CDC /* AuthenticationService.swift */,
			);
			path = auth;
			sourceTree = "<group>";
		};
		0E841AA92970B47600EFD2DF /* client */ = {
			isa = PBXGroup;
			children = (
				0E841AAA2970B48900EFD2DF /* ClientServiceable.swift */,
				0E841AAC2970B4CC00EFD2DF /* ClientService.swift */,
			);
			path = client;
			sourceTree = "<group>";
		};
/* End PBXGroup section */

/* Begin PBXNativeTarget section */
		0E4D07F729637F42004AA4B2 /* Morpheus */ = {
			isa = PBXNativeTarget;
			buildConfigurationList = 0E4D080629637F43004AA4B2 /* Build configuration list for PBXNativeTarget "Morpheus" */;
			buildPhases = (
				0E4D07F429637F42004AA4B2 /* Sources */,
				0E4D07F529637F42004AA4B2 /* Frameworks */,
				0E4D07F629637F42004AA4B2 /* Resources */,
			);
			buildRules = (
			);
			dependencies = (
			);
			name = Morpheus;
			productName = Morpheus;
			productReference = 0E4D07F829637F42004AA4B2 /* Morpheus.app */;
			productType = "com.apple.product-type.application";
		};
/* End PBXNativeTarget section */

/* Begin PBXProject section */
		0E4D07F029637F41004AA4B2 /* Project object */ = {
			isa = PBXProject;
			attributes = {
				BuildIndependentTargetsInParallel = 1;
				LastSwiftUpdateCheck = 1410;
				LastUpgradeCheck = 1410;
				TargetAttributes = {
					0E4D07F729637F42004AA4B2 = {
						CreatedOnToolsVersion = 14.1;
					};
				};
			};
			buildConfigurationList = 0E4D07F329637F41004AA4B2 /* Build configuration list for PBXProject "Morpheus" */;
			compatibilityVersion = "Xcode 14.0";
			developmentRegion = en;
			hasScannedForEncodings = 0;
			knownRegions = (
				en,
				Base,
			);
			mainGroup = 0E4D07EF29637F41004AA4B2;
			productRefGroup = 0E4D07F929637F42004AA4B2 /* Products */;
			projectDirPath = "";
			projectRoot = "";
			targets = (
				0E4D07F729637F42004AA4B2 /* Morpheus */,
			);
		};
/* End PBXProject section */

/* Begin PBXResourcesBuildPhase section */
		0E4D07F629637F42004AA4B2 /* Resources */ = {
			isa = PBXResourcesBuildPhase;
			buildActionMask = 2147483647;
			files = (
				0E4D080329637F43004AA4B2 /* Preview Assets.xcassets in Resources */,
				0E4D080029637F43004AA4B2 /* Assets.xcassets in Resources */,
			);
			runOnlyForDeploymentPostprocessing = 0;
		};
/* End PBXResourcesBuildPhase section */

/* Begin PBXSourcesBuildPhase section */
		0E4D07F429637F42004AA4B2 /* Sources */ = {
			isa = PBXSourcesBuildPhase;
			buildActionMask = 2147483647;
			files = (
				0E1A6C242968C9C9000E4CDC /* AuthenticationApiRequest.swift in Sources */,
				0E1A6C172968C9C9000E4CDC /* Benefit.swift in Sources */,
				0E1A6C292968C9C9000E4CDC /* UserProfessionalInformation.swift in Sources */,
				0E1A6C182968C9C9000E4CDC /* Preparation.swift in Sources */,
				0E1A6C272968C9C9000E4CDC /* UserMainInformation.swift in Sources */,
				0E1A6C142968C9C9000E4CDC /* AuthenticationViewModel.swift in Sources */,
				0E1A6C1F2968C9C9000E4CDC /* OfferApiRequest.swift in Sources */,
				0E841AA72970B41000EFD2DF /* ClientViewModel.swift in Sources */,
				0E4D07FE29637F42004AA4B2 /* ContentView.swift in Sources */,
				0E841AAF2970B55000EFD2DF /* ClientApiResponse.swift in Sources */,
				0E1A6C262968C9C9000E4CDC /* Partner.swift in Sources */,
				0E841AAB2970B48900EFD2DF /* ClientServiceable.swift in Sources */,
				0E1A6C1B2968C9C9000E4CDC /* Certification.swift in Sources */,
				0E1A6C2C2968C9C9000E4CDC /* AuthenticationView.swift in Sources */,
				0E1A6C2D2968C9C9000E4CDC /* ClientView.swift in Sources */,
				0E1A6C202968C9C9000E4CDC /* Activity.swift in Sources */,
				0E1A6C192968C9C9000E4CDC /* Period.swift in Sources */,
				0E1A6C2B2968C9C9000E4CDC /* AuthenticationService.swift in Sources */,
				0E1A6C252968C9C9000E4CDC /* UserSystemStatusInformation.swift in Sources */,
				0E1A6C212968C9C9000E4CDC /* Education.swift in Sources */,
				0E1A6C232968C9C9000E4CDC /* AuthenticationApiResponse.swift in Sources */,
				0E1A6C282968C9C9000E4CDC /* Client.swift in Sources */,
				0E1A6C1C2968C9C9000E4CDC /* Knowledge.swift in Sources */,
				0E1A6C1A2968C9C9000E4CDC /* WageRange.swift in Sources */,
				0E1A6C1E2968C9C9000E4CDC /* Detail.swift in Sources */,
				0E1A6C1D2968C9C9000E4CDC /* OfferApiResponse.swift in Sources */,
				0E1A6C222968C9C9000E4CDC /* Job.swift in Sources */,
				0E1A6C2A2968C9C9000E4CDC /* AuthenticationServiceable.swift in Sources */,
				0E4D07FC29637F42004AA4B2 /* MorpheusApp.swift in Sources */,
				0E1A6C162968C9C9000E4CDC /* Experience.swift in Sources */,
				0E1A6C132968C9C9000E4CDC /* Constants.swift in Sources */,
				0E841AAD2970B4CC00EFD2DF /* ClientService.swift in Sources */,
				0E1A6C152968C9C9000E4CDC /* Offer.swift in Sources */,
			);
			runOnlyForDeploymentPostprocessing = 0;
		};
/* End PBXSourcesBuildPhase section */

/* Begin XCBuildConfiguration section */
		0E4D080429637F43004AA4B2 /* Debug */ = {
			isa = XCBuildConfiguration;
			buildSettings = {
				ALWAYS_SEARCH_USER_PATHS = NO;
				CLANG_ANALYZER_NONNULL = YES;
				CLANG_ANALYZER_NUMBER_OBJECT_CONVERSION = YES_AGGRESSIVE;
				CLANG_CXX_LANGUAGE_STANDARD = "gnu++20";
				CLANG_ENABLE_MODULES = YES;
				CLANG_ENABLE_OBJC_ARC = YES;
				CLANG_ENABLE_OBJC_WEAK = YES;
				CLANG_WARN_BLOCK_CAPTURE_AUTORELEASING = YES;
				CLANG_WARN_BOOL_CONVERSION = YES;
				CLANG_WARN_COMMA = YES;
				CLANG_WARN_CONSTANT_CONVERSION = YES;
				CLANG_WARN_DEPRECATED_OBJC_IMPLEMENTATIONS = YES;
				CLANG_WARN_DIRECT_OBJC_ISA_USAGE = YES_ERROR;
				CLANG_WARN_DOCUMENTATION_COMMENTS = YES;
				CLANG_WARN_EMPTY_BODY = YES;
				CLANG_WARN_ENUM_CONVERSION = YES;
				CLANG_WARN_INFINITE_RECURSION = YES;
				CLANG_WARN_INT_CONVERSION = YES;
				CLANG_WARN_NON_LITERAL_NULL_CONVERSION = YES;
				CLANG_WARN_OBJC_IMPLICIT_RETAIN_SELF = YES;
				CLANG_WARN_OBJC_LITERAL_CONVERSION = YES;
				CLANG_WARN_OBJC_ROOT_CLASS = YES_ERROR;
				CLANG_WARN_QUOTED_INCLUDE_IN_FRAMEWORK_HEADER = YES;
				CLANG_WARN_RANGE_LOOP_ANALYSIS = YES;
				CLANG_WARN_STRICT_PROTOTYPES = YES;
				CLANG_WARN_SUSPICIOUS_MOVE = YES;
				CLANG_WARN_UNGUARDED_AVAILABILITY = YES_AGGRESSIVE;
				CLANG_WARN_UNREACHABLE_CODE = YES;
				CLANG_WARN__DUPLICATE_METHOD_MATCH = YES;
				COPY_PHASE_STRIP = NO;
				DEBUG_INFORMATION_FORMAT = dwarf;
				ENABLE_STRICT_OBJC_MSGSEND = YES;
				ENABLE_TESTABILITY = YES;
				GCC_C_LANGUAGE_STANDARD = gnu11;
				GCC_DYNAMIC_NO_PIC = NO;
				GCC_NO_COMMON_BLOCKS = YES;
				GCC_OPTIMIZATION_LEVEL = 0;
				GCC_PREPROCESSOR_DEFINITIONS = (
					"DEBUG=1",
					"$(inherited)",
				);
				GCC_WARN_64_TO_32_BIT_CONVERSION = YES;
				GCC_WARN_ABOUT_RETURN_TYPE = YES_ERROR;
				GCC_WARN_UNDECLARED_SELECTOR = YES;
				GCC_WARN_UNINITIALIZED_AUTOS = YES_AGGRESSIVE;
				GCC_WARN_UNUSED_FUNCTION = YES;
				GCC_WARN_UNUSED_VARIABLE = YES;
				IPHONEOS_DEPLOYMENT_TARGET = 16.1;
				MTL_ENABLE_DEBUG_INFO = INCLUDE_SOURCE;
				MTL_FAST_MATH = YES;
				ONLY_ACTIVE_ARCH = YES;
				SDKROOT = iphoneos;
				SWIFT_ACTIVE_COMPILATION_CONDITIONS = DEBUG;
				SWIFT_OPTIMIZATION_LEVEL = "-Onone";
			};
			name = Debug;
		};
		0E4D080529637F43004AA4B2 /* Release */ = {
			isa = XCBuildConfiguration;
			buildSettings = {
				ALWAYS_SEARCH_USER_PATHS = NO;
				CLANG_ANALYZER_NONNULL = YES;
				CLANG_ANALYZER_NUMBER_OBJECT_CONVERSION = YES_AGGRESSIVE;
				CLANG_CXX_LANGUAGE_STANDARD = "gnu++20";
				CLANG_ENABLE_MODULES = YES;
				CLANG_ENABLE_OBJC_ARC = YES;
				CLANG_ENABLE_OBJC_WEAK = YES;
				CLANG_WARN_BLOCK_CAPTURE_AUTORELEASING = YES;
				CLANG_WARN_BOOL_CONVERSION = YES;
				CLANG_WARN_COMMA = YES;
				CLANG_WARN_CONSTANT_CONVERSION = YES;
				CLANG_WARN_DEPRECATED_OBJC_IMPLEMENTATIONS = YES;
				CLANG_WARN_DIRECT_OBJC_ISA_USAGE = YES_ERROR;
				CLANG_WARN_DOCUMENTATION_COMMENTS = YES;
				CLANG_WARN_EMPTY_BODY = YES;
				CLANG_WARN_ENUM_CONVERSION = YES;
				CLANG_WARN_INFINITE_RECURSION = YES;
				CLANG_WARN_INT_CONVERSION = YES;
				CLANG_WARN_NON_LITERAL_NULL_CONVERSION = YES;
				CLANG_WARN_OBJC_IMPLICIT_RETAIN_SELF = YES;
				CLANG_WARN_OBJC_LITERAL_CONVERSION = YES;
				CLANG_WARN_OBJC_ROOT_CLASS = YES_ERROR;
				CLANG_WARN_QUOTED_INCLUDE_IN_FRAMEWORK_HEADER = YES;
				CLANG_WARN_RANGE_LOOP_ANALYSIS = YES;
				CLANG_WARN_STRICT_PROTOTYPES = YES;
				CLANG_WARN_SUSPICIOUS_MOVE = YES;
				CLANG_WARN_UNGUARDED_AVAILABILITY = YES_AGGRESSIVE;
				CLANG_WARN_UNREACHABLE_CODE = YES;
				CLANG_WARN__DUPLICATE_METHOD_MATCH = YES;
				COPY_PHASE_STRIP = NO;
				DEBUG_INFORMATION_FORMAT = "dwarf-with-dsym";
				ENABLE_NS_ASSERTIONS = NO;
				ENABLE_STRICT_OBJC_MSGSEND = YES;
				GCC_C_LANGUAGE_STANDARD = gnu11;
				GCC_NO_COMMON_BLOCKS = YES;
				GCC_WARN_64_TO_32_BIT_CONVERSION = YES;
				GCC_WARN_ABOUT_RETURN_TYPE = YES_ERROR;
				GCC_WARN_UNDECLARED_SELECTOR = YES;
				GCC_WARN_UNINITIALIZED_AUTOS = YES_AGGRESSIVE;
				GCC_WARN_UNUSED_FUNCTION = YES;
				GCC_WARN_UNUSED_VARIABLE = YES;
				IPHONEOS_DEPLOYMENT_TARGET = 16.1;
				MTL_ENABLE_DEBUG_INFO = NO;
				MTL_FAST_MATH = YES;
				SDKROOT = iphoneos;
				SWIFT_COMPILATION_MODE = wholemodule;
				SWIFT_OPTIMIZATION_LEVEL = "-O";
				VALIDATE_PRODUCT = YES;
			};
			name = Release;
		};
		0E4D080729637F43004AA4B2 /* Debug */ = {
			isa = XCBuildConfiguration;
			buildSettings = {
				ASSETCATALOG_COMPILER_APPICON_NAME = AppIcon;
				ASSETCATALOG_COMPILER_GLOBAL_ACCENT_COLOR_NAME = AccentColor;
				CODE_SIGN_ENTITLEMENTS = Morpheus/Morpheus.entitlements;
				CODE_SIGN_STYLE = Automatic;
				CURRENT_PROJECT_VERSION = 1;
				DEVELOPMENT_ASSET_PATHS = "\"Morpheus/Preview Content\"";
				DEVELOPMENT_TEAM = 5KDK28ZYPD;
				ENABLE_PREVIEWS = YES;
				GENERATE_INFOPLIST_FILE = YES;
				INFOPLIST_KEY_UIApplicationSceneManifest_Generation = YES;
				INFOPLIST_KEY_UIApplicationSupportsIndirectInputEvents = YES;
				INFOPLIST_KEY_UILaunchScreen_Generation = YES;
				INFOPLIST_KEY_UISupportedInterfaceOrientations_iPad = "UIInterfaceOrientationPortrait UIInterfaceOrientationPortraitUpsideDown UIInterfaceOrientationLandscapeLeft UIInterfaceOrientationLandscapeRight";
				INFOPLIST_KEY_UISupportedInterfaceOrientations_iPhone = "UIInterfaceOrientationPortrait UIInterfaceOrientationLandscapeLeft UIInterfaceOrientationLandscapeRight";
				LD_RUNPATH_SEARCH_PATHS = (
					"$(inherited)",
					"@executable_path/Frameworks",
				);
				MARKETING_VERSION = 1.0;
				PRODUCT_BUNDLE_IDENTIFIER = me.ldgomm.Morpheus;
				PRODUCT_NAME = "$(TARGET_NAME)";
				SWIFT_EMIT_LOC_STRINGS = YES;
				SWIFT_VERSION = 5.0;
				TARGETED_DEVICE_FAMILY = "1,2";
			};
			name = Debug;
		};
		0E4D080829637F43004AA4B2 /* Release */ = {
			isa = XCBuildConfiguration;
			buildSettings = {
				ASSETCATALOG_COMPILER_APPICON_NAME = AppIcon;
				ASSETCATALOG_COMPILER_GLOBAL_ACCENT_COLOR_NAME = AccentColor;
				CODE_SIGN_ENTITLEMENTS = Morpheus/Morpheus.entitlements;
				CODE_SIGN_STYLE = Automatic;
				CURRENT_PROJECT_VERSION = 1;
				DEVELOPMENT_ASSET_PATHS = "\"Morpheus/Preview Content\"";
				DEVELOPMENT_TEAM = 5KDK28ZYPD;
				ENABLE_PREVIEWS = YES;
				GENERATE_INFOPLIST_FILE = YES;
				INFOPLIST_KEY_UIApplicationSceneManifest_Generation = YES;
				INFOPLIST_KEY_UIApplicationSupportsIndirectInputEvents = YES;
				INFOPLIST_KEY_UILaunchScreen_Generation = YES;
				INFOPLIST_KEY_UISupportedInterfaceOrientations_iPad = "UIInterfaceOrientationPortrait UIInterfaceOrientationPortraitUpsideDown UIInterfaceOrientationLandscapeLeft UIInterfaceOrientationLandscapeRight";
				INFOPLIST_KEY_UISupportedInterfaceOrientations_iPhone = "UIInterfaceOrientationPortrait UIInterfaceOrientationLandscapeLeft UIInterfaceOrientationLandscapeRight";
				LD_RUNPATH_SEARCH_PATHS = (
					"$(inherited)",
					"@executable_path/Frameworks",
				);
				MARKETING_VERSION = 1.0;
				PRODUCT_BUNDLE_IDENTIFIER = me.ldgomm.Morpheus;
				PRODUCT_NAME = "$(TARGET_NAME)";
				SWIFT_EMIT_LOC_STRINGS = YES;
				SWIFT_VERSION = 5.0;
				TARGETED_DEVICE_FAMILY = "1,2";
			};
			name = Release;
		};
/* End XCBuildConfiguration section */

/* Begin XCConfigurationList section */
		0E4D07F329637F41004AA4B2 /* Build configuration list for PBXProject "Morpheus" */ = {
			isa = XCConfigurationList;
			buildConfigurations = (
				0E4D080429637F43004AA4B2 /* Debug */,
				0E4D080529637F43004AA4B2 /* Release */,
			);
			defaultConfigurationIsVisible = 0;
			defaultConfigurationName = Release;
		};
		0E4D080629637F43004AA4B2 /* Build configuration list for PBXNativeTarget "Morpheus" */ = {
			isa = XCConfigurationList;
			buildConfigurations = (
				0E4D080729637F43004AA4B2 /* Debug */,
				0E4D080829637F43004AA4B2 /* Release */,
			);
			defaultConfigurationIsVisible = 0;
			defaultConfigurationName = Release;
		};
/* End XCConfigurationList section */
	};
	rootObject = 0E4D07F029637F41004AA4B2 /* Project object */;
}
